
Microsoft Visual Studio Solution File, Format Version 12.00
# Visual Studio Version 17
VisualStudioVersion = 17.5.33516.290
MinimumVisualStudioVersion = 10.0.40219.1
Project("{9A19103F-16F7-4668-BE54-9A1E7A4F7556}") = "LearningCenter.API", "LearningCenter.API\LearningCenter.API.csproj", "{DEF8F333-EEE1-4C26-BC77-2DE62BCA2DEF}"
EndProject
Project("{9A19103F-16F7-4668-BE54-9A1E7A4F7556}") = "LearningCenter.Domain", "LearningCenter.Domain\LearningCenter.Domain.csproj", "{5DCAE81A-647B-42F9-9069-2DACB414E58F}"
EndProject
Project("{9A19103F-16F7-4668-BE54-9A1E7A4F7556}") = "LearningCenter.infraestructura", "LearningCenter.infraestructura\LearningCenter.infraestructura.csproj", "{A2BA5705-9583-46E8-8140-D50915691438}"
EndProject
Project("{FAE04EC0-301F-11D3-BF4B-00C04F79EFBC}") = "LearningCenter.Domain.Test", "LearningCenter.Domain.Test\LearningCenter.Domain.Test.csproj", "{DAF5DA7A-F810-457F-A3A6-16C9CF969335}"
EndProject
Global
	GlobalSection(SolutionConfigurationPlatforms) = preSolution
		Debug|Any CPU = Debug|Any CPU
		Release|Any CPU = Release|Any CPU
	EndGlobalSection
	GlobalSection(ProjectConfigurationPlatforms) = postSolution
		{DEF8F333-EEE1-4C26-BC77-2DE62BCA2DEF}.Debug|Any CPU.ActiveCfg = Debug|Any CPU
		{DEF8F333-EEE1-4C26-BC77-2DE62BCA2DEF}.Debug|Any CPU.Build.0 = Debug|Any CPU
		{DEF8F333-EEE1-4C26-BC77-2DE62BCA2DEF}.Release|Any CPU.ActiveCfg = Release|Any CPU
		{DEF8F333-EEE1-4C26-BC77-2DE62BCA2DEF}.Release|Any CPU.Build.0 = Release|Any CPU
		{5DCAE81A-647B-42F9-9069-2DACB414E58F}.Debug|Any CPU.ActiveCfg = Debug|Any CPU
		{5DCAE81A-647B-42F9-9069-2DACB414E58F}.Debug|Any CPU.Build.0 = Debug|Any CPU
		{5DCAE81A-647B-42F9-9069-2DACB414E58F}.Release|Any CPU.ActiveCfg = Release|Any CPU
		{5DCAE81A-647B-42F9-9069-2DACB414E58F}.Release|Any CPU.Build.0 = Release|Any CPU
		{A2BA5705-9583-46E8-8140-D50915691438}.Debug|Any CPU.ActiveCfg = Debug|Any CPU
		{A2BA5705-9583-46E8-8140-D50915691438}.Debug|Any CPU.Build.0 = Debug|Any CPU
		{A2BA5705-9583-46E8-8140-D50915691438}.Release|Any CPU.ActiveCfg = Release|Any CPU
		{A2BA5705-9583-46E8-8140-D50915691438}.Release|Any CPU.Build.0 = Release|Any CPU
		{DAF5DA7A-F810-457F-A3A6-16C9CF969335}.Debug|Any CPU.ActiveCfg = Debug|Any CPU
		{DAF5DA7A-F810-457F-A3A6-16C9CF969335}.Debug|Any CPU.Build.0 = Debug|Any CPU
		{DAF5DA7A-F810-457F-A3A6-16C9CF969335}.Release|Any CPU.ActiveCfg = Release|Any CPU
		{DAF5DA7A-F810-457F-A3A6-16C9CF969335}.Release|Any CPU.Build.0 = Release|Any CPU
	EndGlobalSection
	GlobalSection(SolutionProperties) = preSolution
		HideSolutionNode = FALSE
	EndGlobalSection
	GlobalSection(ExtensibilityGlobals) = postSolution
		SolutionGuid = {60AA200F-9FF5-4D67-BBF3-E320E08ECDE6}
	EndGlobalSection
EndGlobal
